
Microsoft Visual Studio Solution File, Format Version 12.00
# Visual Studio Version 17
VisualStudioVersion = 17.11.34909.67
MinimumVisualStudioVersion = 10.0.40219.1
Project("{9A19103F-16F7-4668-BE54-9A1E7A4F7556}") = "LAb_1", "LAb_1\LAb_1.csproj", "{F5A216DF-2243-4FF0-B556-BFBE415774FB}"
EndProject
Project("{FAE04EC0-301F-11D3-BF4B-00C04F79EFBC}") = "TestProject2", "TestProject2\TestProject2.csproj", "{BC66B30E-A180-46B3-B54C-AA611B7DFF28}"
EndProject
Global
	GlobalSection(SolutionConfigurationPlatforms) = preSolution
		Debug|Any CPU = Debug|Any CPU
		Release|Any CPU = Release|Any CPU
	EndGlobalSection
	GlobalSection(ProjectConfigurationPlatforms) = postSolution
		{F5A216DF-2243-4FF0-B556-BFBE415774FB}.Debug|Any CPU.ActiveCfg = Debug|Any CPU
		{F5A216DF-2243-4FF0-B556-BFBE415774FB}.Debug|Any CPU.Build.0 = Debug|Any CPU
		{F5A216DF-2243-4FF0-B556-BFBE415774FB}.Release|Any CPU.ActiveCfg = Release|Any CPU
		{F5A216DF-2243-4FF0-B556-BFBE415774FB}.Release|Any CPU.Build.0 = Release|Any CPU
		{BC66B30E-A180-46B3-B54C-AA611B7DFF28}.Debug|Any CPU.ActiveCfg = Debug|Any CPU
		{BC66B30E-A180-46B3-B54C-AA611B7DFF28}.Debug|Any CPU.Build.0 = Debug|Any CPU
		{BC66B30E-A180-46B3-B54C-AA611B7DFF28}.Release|Any CPU.ActiveCfg = Release|Any CPU
		{BC66B30E-A180-46B3-B54C-AA611B7DFF28}.Release|Any CPU.Build.0 = Release|Any CPU
	EndGlobalSection
	GlobalSection(SolutionProperties) = preSolution
		HideSolutionNode = FALSE
	EndGlobalSection
	GlobalSection(ExtensibilityGlobals) = postSolution
		SolutionGuid = {88BF38B3-13D0-4E49-B94E-674FBD9D24C1}
	EndGlobalSection
EndGlobal
